
Microsoft Visual Studio Solution File, Format Version 12.00
# Visual Studio Version 17
VisualStudioVersion = 17.4.33205.214
MinimumVisualStudioVersion = 10.0.40219.1
Project("{888888A0-9F3D-457C-B088-3A5042F75D52}") = "Registreerimine ja autoriseerimine", "Registreerimine ja autoriseerimine.pyproj", "{89794357-13B6-46DE-AB34-9D3CC3ECA973}"
EndProject
Global
	GlobalSection(SolutionConfigurationPlatforms) = preSolution
		Debug|Any CPU = Debug|Any CPU
		Release|Any CPU = Release|Any CPU
	EndGlobalSection
	GlobalSection(ProjectConfigurationPlatforms) = postSolution
		{89794357-13B6-46DE-AB34-9D3CC3ECA973}.Debug|Any CPU.ActiveCfg = Debug|Any CPU
		{89794357-13B6-46DE-AB34-9D3CC3ECA973}.Release|Any CPU.ActiveCfg = Release|Any CPU
	EndGlobalSection
	GlobalSection(SolutionProperties) = preSolution
		HideSolutionNode = FALSE
	EndGlobalSection
	GlobalSection(ExtensibilityGlobals) = postSolution
		SolutionGuid = {4C64B9C8-D693-4A2E-BA1A-92057E8F01B5}
	EndGlobalSection
EndGlobal
